Microsoft Visual Studio Solution File, Format Version 11.00
# Visual Studio 2008

Project("{F413197E-5086-D052-4E72-10FC675B2513}") = "clothSimulation", "Assembly-CSharp.csproj", "{F4FC6588-FD40-0A7A-6F01-463D2136EBE5}"
EndProject
Global
	GlobalSection(SolutionConfigurationPlatforms) = preSolution
		Debug|Any CPU = Debug|Any CPU
		Release|Any CPU = Release|Any CPU
	EndGlobalSection
	GlobalSection(ProjectConfigurationPlatforms) = postSolution
		{F4FC6588-FD40-0A7A-6F01-463D2136EBE5}.Debug|Any CPU.ActiveCfg = Debug|Any CPU
		{F4FC6588-FD40-0A7A-6F01-463D2136EBE5}.Debug|Any CPU.Build.0 = Debug|Any CPU
		{F4FC6588-FD40-0A7A-6F01-463D2136EBE5}.Release|Any CPU.ActiveCfg = Release|Any CPU
		{F4FC6588-FD40-0A7A-6F01-463D2136EBE5}.Release|Any CPU.Build.0 = Release|Any CPU
	EndGlobalSection
	GlobalSection(SolutionProperties) = preSolution
		HideSolutionNode = FALSE
	EndGlobalSection
	GlobalSection(MonoDevelopProperties) = preSolution
		StartupItem = Assembly-CSharp.csproj
	EndGlobalSection
EndGlobal
